
Microsoft Visual Studio Solution File, Format Version 12.00
# Visual Studio 15
VisualStudioVersion = 15.0.27428.2002
MinimumVisualStudioVersion = 10.0.40219.1
Project("{FAE04EC0-301F-11D3-BF4B-00C04F79EFBC}") = "snowball", "snowball\snowball.csproj", "{049ABC2A-E293-4F4E-97BE-0537533A2591}"
EndProject
Global
	GlobalSection(SolutionConfigurationPlatforms) = preSolution
		Debug|Any CPU = Debug|Any CPU
		Release|Any CPU = Release|Any CPU
	EndGlobalSection
	GlobalSection(ProjectConfigurationPlatforms) = postSolution
		{049ABC2A-E293-4F4E-97BE-0537533A2591}.Debug|Any CPU.ActiveCfg = Debug|Any CPU
		{049ABC2A-E293-4F4E-97BE-0537533A2591}.Debug|Any CPU.Build.0 = Debug|Any CPU
		{049ABC2A-E293-4F4E-97BE-0537533A2591}.Release|Any CPU.ActiveCfg = Release|Any CPU
		{049ABC2A-E293-4F4E-97BE-0537533A2591}.Release|Any CPU.Build.0 = Release|Any CPU
	EndGlobalSection
	GlobalSection(SolutionProperties) = preSolution
		HideSolutionNode = FALSE
	EndGlobalSection
	GlobalSection(ExtensibilityGlobals) = postSolution
		SolutionGuid = {E22408ED-2D77-46FA-8209-CCB572516B2F}
	EndGlobalSection
EndGlobal
